
Microsoft Visual Studio Solution File, Format Version 12.00
# Visual Studio Version 17
VisualStudioVersion = 17.7.34024.191
MinimumVisualStudioVersion = 10.0.40219.1
Project("{FAE04EC0-301F-11D3-BF4B-00C04F79EFBC}") = "app_WEB_Jueves", "app_WEB_Jueves.csproj", "{2F3F19A3-302B-4EEC-A74D-1B8D6DA8393D}"
EndProject
Global
	GlobalSection(SolutionConfigurationPlatforms) = preSolution
		Debug|Any CPU = Debug|Any CPU
		Release|Any CPU = Release|Any CPU
	EndGlobalSection
	GlobalSection(ProjectConfigurationPlatforms) = postSolution
		{2F3F19A3-302B-4EEC-A74D-1B8D6DA8393D}.Debug|Any CPU.ActiveCfg = Debug|Any CPU
		{2F3F19A3-302B-4EEC-A74D-1B8D6DA8393D}.Debug|Any CPU.Build.0 = Debug|Any CPU
		{2F3F19A3-302B-4EEC-A74D-1B8D6DA8393D}.Release|Any CPU.ActiveCfg = Release|Any CPU
		{2F3F19A3-302B-4EEC-A74D-1B8D6DA8393D}.Release|Any CPU.Build.0 = Release|Any CPU
	EndGlobalSection
	GlobalSection(SolutionProperties) = preSolution
		HideSolutionNode = FALSE
	EndGlobalSection
	GlobalSection(ExtensibilityGlobals) = postSolution
		SolutionGuid = {7F9FF17A-4169-4DAE-A976-0F2348908786}
	EndGlobalSection
EndGlobal
